{
  "name": "contribution-canvas",
  "version": "1.0.0",
  "lockfileVersion": 3,
  "requires": true,
  "packages": {
    "": {
      "name": "contribution-canvas",
      "version": "1.0.0",
      "license": "MIT",
      "bin": {
        "contribution-canvas": "bin/contribution-canvas.mjs"
      },
      "engines": {
        "node": ">=20.11"
      }
    }
  }
}
